
Microsoft Visual Studio Solution File, Format Version 12.00
# Visual Studio Version 17
VisualStudioVersion = 17.6.33815.320
MinimumVisualStudioVersion = 10.0.40219.1
Project("{9A19103F-16F7-4668-BE54-9A1E7A4F7556}") = "ConsoleChess", "Activity 2 Chess\ConsoleChess.csproj", "{E6D670E2-EDDB-432A-8076-AC532ABA6A38}"
EndProject
Project("{9A19103F-16F7-4668-BE54-9A1E7A4F7556}") = "ChessLibrary", "ChessLibrary\ChessLibrary.csproj", "{AA64C9BB-4B62-43C8-A06B-DDA5FE9DDE99}"
EndProject
Project("{9A19103F-16F7-4668-BE54-9A1E7A4F7556}") = "ChessGUI", "ChessGUI\ChessGUI\ChessGUI.csproj", "{B6FAEA26-7F0F-41C1-91D3-B02F1ECD6C13}"
EndProject
Global
	GlobalSection(SolutionConfigurationPlatforms) = preSolution
		Debug|Any CPU = Debug|Any CPU
		Release|Any CPU = Release|Any CPU
	EndGlobalSection
	GlobalSection(ProjectConfigurationPlatforms) = postSolution
		{E6D670E2-EDDB-432A-8076-AC532ABA6A38}.Debug|Any CPU.ActiveCfg = Debug|Any CPU
		{E6D670E2-EDDB-432A-8076-AC532ABA6A38}.Debug|Any CPU.Build.0 = Debug|Any CPU
		{E6D670E2-EDDB-432A-8076-AC532ABA6A38}.Release|Any CPU.ActiveCfg = Release|Any CPU
		{E6D670E2-EDDB-432A-8076-AC532ABA6A38}.Release|Any CPU.Build.0 = Release|Any CPU
		{AA64C9BB-4B62-43C8-A06B-DDA5FE9DDE99}.Debug|Any CPU.ActiveCfg = Debug|Any CPU
		{AA64C9BB-4B62-43C8-A06B-DDA5FE9DDE99}.Debug|Any CPU.Build.0 = Debug|Any CPU
		{AA64C9BB-4B62-43C8-A06B-DDA5FE9DDE99}.Release|Any CPU.ActiveCfg = Release|Any CPU
		{AA64C9BB-4B62-43C8-A06B-DDA5FE9DDE99}.Release|Any CPU.Build.0 = Release|Any CPU
		{B6FAEA26-7F0F-41C1-91D3-B02F1ECD6C13}.Debug|Any CPU.ActiveCfg = Debug|Any CPU
		{B6FAEA26-7F0F-41C1-91D3-B02F1ECD6C13}.Debug|Any CPU.Build.0 = Debug|Any CPU
		{B6FAEA26-7F0F-41C1-91D3-B02F1ECD6C13}.Release|Any CPU.ActiveCfg = Release|Any CPU
		{B6FAEA26-7F0F-41C1-91D3-B02F1ECD6C13}.Release|Any CPU.Build.0 = Release|Any CPU
	EndGlobalSection
	GlobalSection(SolutionProperties) = preSolution
		HideSolutionNode = FALSE
	EndGlobalSection
	GlobalSection(ExtensibilityGlobals) = postSolution
		SolutionGuid = {382E9078-10D0-4ACE-8B5A-0EC682992AE7}
	EndGlobalSection
EndGlobal
